
Microsoft Visual Studio Solution File, Format Version 12.00
# Visual Studio 15
VisualStudioVersion = 15.0.28307.421
MinimumVisualStudioVersion = 10.0.40219.1
Project("{FAE04EC0-301F-11D3-BF4B-00C04F79EFBC}") = "AttrapeArgent", "AttrapeArgent\AttrapeArgent.csproj", "{7D809EFD-A34A-4926-97B3-294AF2641C46}"
EndProject
Global
	GlobalSection(SolutionConfigurationPlatforms) = preSolution
		Debug|x86 = Debug|x86
		Release|x86 = Release|x86
	EndGlobalSection
	GlobalSection(ProjectConfigurationPlatforms) = postSolution
		{7D809EFD-A34A-4926-97B3-294AF2641C46}.Debug|x86.ActiveCfg = Debug|x86
		{7D809EFD-A34A-4926-97B3-294AF2641C46}.Debug|x86.Build.0 = Debug|x86
		{7D809EFD-A34A-4926-97B3-294AF2641C46}.Release|x86.ActiveCfg = Release|x86
		{7D809EFD-A34A-4926-97B3-294AF2641C46}.Release|x86.Build.0 = Release|x86
	EndGlobalSection
	GlobalSection(SolutionProperties) = preSolution
		HideSolutionNode = FALSE
	EndGlobalSection
	GlobalSection(ExtensibilityGlobals) = postSolution
		SolutionGuid = {C8B004E5-BCF2-406D-B479-DAC2D3232D36}
	EndGlobalSection
EndGlobal
